{
  "name": "task2",
  "lockfileVersion": 3,
  "requires": true,
  "packages": {
    "": {
      "dependencies": {
        "@whoever_whenever/most-occured-letter": "^1.0.0"
      }
    },
    "node_modules/@whoever_whenever/most-occured-letter": {
      "version": "1.0.0",
      "resolved": "https://registry.npmjs.org/@whoever_whenever/most-occured-letter/-/most-occured-letter-1.0.0.tgz",
      "integrity": "sha512-Rh8YK5x8ikoViYZgumqkkknLIwuRgaIoaBAjpt+ttOI8kHsazbwsCOgugvk7L10zaxKLBQEC/0QBOo4MkJdttQ=="
    }
  }
}
